schema: '2.0'
stages:
  ingestao:
    cmd: uv run python -m src.preprocess.run
    deps:
    - path: data/raw/laudos.csv
      hash: md5
      md5: d5316296ae5a67845eb65ceb923eae9c
      size: 17841285
    - path: src/core/dataset.py
      hash: md5
      md5: 413cdfe195a7bffcadbfac3dff71ad7c
      size: 3819
    - path: src/preprocess/normalizer.py
      hash: md5
      md5: 859a519111eb421a70e05c585b647e94
      size: 3181
    - path: src/preprocess/run.py
      hash: md5
      md5: 7a2b52cc78ea658a351b905b5071a489
      size: 2176
    - path: src/validate/run.py
      hash: md5
      md5: c9e900ed7acc890cf1de1e9a9f110136
      size: 2869
    outs:
    - path: data/processed/laudos_processed.csv
      hash: md5
      md5: 3b8b07b6fb6d308d3beba30524ac6605
      size: 17404771
  treino:
    cmd: uv run python -m src.train.run
    deps:
    - path: configs/params.yaml
      hash: md5
      md5: e87e01b78a0def4e84db75f6cc616eae
      size: 1053
    - path: data/processed/laudos_processed.csv
      hash: md5
      md5: 3b8b07b6fb6d308d3beba30524ac6605
      size: 17404771
    - path: src/core/dataset.py
      hash: md5
      md5: 413cdfe195a7bffcadbfac3dff71ad7c
      size: 3819
    - path: src/core/params.py
      hash: md5
      md5: 73ca5130d5423bc85c8bf6f3ec721187
      size: 3637
    - path: src/core/stopwords.py
      hash: md5
      md5: 4c8d319d269c8893a2b4b2a0c543ebdd
      size: 1755
    - path: src/train/run.py
      hash: md5
      md5: 214657b046fec014676eb5d91db72c82
      size: 9547
    outs:
    - path: data/processed/test_split.csv
      hash: md5
      md5: 5f0a50ac6fab0ad0040e2238b26b68e2
      size: 3477140
    - path: models/model.joblib
      hash: md5
      md5: 508247f82e4b8d37cb4ef047d4e850cc
      size: 37440797
    - path: models/model.joblib.sha256
      hash: md5
      md5: 5febdcdc5740425db3a20d50e9ffcaed
      size: 64
    - path: reports/feature_importances.csv
      hash: md5
      md5: 3edab1b9660ace36499936e26482c5b8
      size: 464895
    - path: reports/train_metrics.json
      hash: md5
      md5: bde78a77000461a54f3d0bb398759d18
      size: 88
  avaliacao:
    cmd: uv run python -m src.evaluate.run
    deps:
    - path: data/processed/test_split.csv
      hash: md5
      md5: f16c5d62d25210d4c64bf632d2ec49cb
      size: 3639
    - path: models/model.joblib
      hash: md5
      md5: ac5ecb085d63e5fd7a913ced88e31ddc
      size: 257117
    - path: src/core/dataset.py
      hash: md5
      md5: f8b09b7c7c0df18a64c8e73335dc0fa7
      size: 3354
    - path: src/evaluate/run.py
      hash: md5
      md5: 9f5a9eade12f3a04fd8855d7420f9eef
      size: 6025
    - path: src/models/factory.py
      hash: md5
      md5: a8d0c1ece60bfb9828e48ca158ed3577
      size: 11354
    - path: src/models/urgency.py
      hash: md5
      md5: d581d844abcc33fbefa12597317af065
      size: 537
    outs:
    - path: reports/classification_report.txt
      hash: md5
      md5: 1b369c7d0fa5605d564a7d5b8debd076
      size: 380
    - path: reports/confusion_matrix.csv
      hash: md5
      md5: e1ffacf88998cae778481c4e71d054bd
      size: 93
    - path: reports/metrics.json
      hash: md5
      md5: 6362d9493262497674bdda4116780678
      size: 291
  onnx:
    cmd: uv run python -m src.train.export_onnx
    deps:
    - path: data/processed/test_split.csv
      hash: md5
      md5: f16c5d62d25210d4c64bf632d2ec49cb
      size: 3639
    - path: models/model.joblib
      hash: md5
      md5: ac5ecb085d63e5fd7a913ced88e31ddc
      size: 257117
    - path: src/train/export_onnx.py
      hash: md5
      md5: 0990212ad5445ad4d1b3c2d9c724dd84
      size: 5754
    outs:
    - path: models/model.onnx
      hash: md5
      md5: 051ad3b431c676e65307ff2352d7a62b
      size: 115828
    - path: models/model.onnx.sha256
      hash: md5
      md5: d7c8befa4e2a97195587f69873bed9f1
      size: 64
