schema: '2.0'
stages:
  ingestao:
    cmd: uv run python -m src.preprocess.run
    deps:
    - path: data/raw/laudos.csv
      hash: md5
      md5: d5316296ae5a67845eb65ceb923eae9c
      size: 17841285
    - path: src/core/dataset.py
      hash: md5
      md5: 5929ecb60f28963b1a3726026fb23c45
      size: 3891
    - path: src/preprocess/normalizer.py
      hash: md5
      md5: 859a519111eb421a70e05c585b647e94
      size: 3181
    - path: src/preprocess/run.py
      hash: md5
      md5: 7a2b52cc78ea658a351b905b5071a489
      size: 2176
    - path: src/validate/run.py
      hash: md5
      md5: c9e900ed7acc890cf1de1e9a9f110136
      size: 2869
    outs:
    - path: data/processed/laudos_processed.csv
      hash: md5
      md5: 3b8b07b6fb6d308d3beba30524ac6605
      size: 17404771
  treino:
    cmd: uv run python -m src.train.run
    deps:
    - path: configs/params.yaml
      hash: md5
      md5: 3cb0bdb73bfb65093d0d47f1c3b4ec20
      size: 1261
    - path: data/processed/laudos_processed.csv
      hash: md5
      md5: 3b8b07b6fb6d308d3beba30524ac6605
      size: 17404771
    - path: src/core/dataset.py
      hash: md5
      md5: 5929ecb60f28963b1a3726026fb23c45
      size: 3891
    - path: src/core/params.py
      hash: md5
      md5: 19959f78fab4bcbb4c5d38f0e0d74a30
      size: 3968
    - path: src/core/stopwords.py
      hash: md5
      md5: 4c8d319d269c8893a2b4b2a0c543ebdd
      size: 1755
    - path: src/train/run.py
      hash: md5
      md5: e986076543491e3fd4b818d2785bf5e9
      size: 11165
    - path: src/train/thresholds.py
      hash: md5
      md5: 9bab70b80ac6879d2c56157347735639
      size: 4748
    outs:
    - path: data/processed/test_split.csv
      hash: md5
      md5: 5f0a50ac6fab0ad0040e2238b26b68e2
      size: 3477140
    - path: models/model.joblib
      hash: md5
      md5: 9da7136eedd91d49931dc9812a84280c
      size: 1307140
    - path: models/model.joblib.sha256
      hash: md5
      md5: 34cb858ec6cc6a263c3b00051f52df02
      size: 64
    - path: models/thresholds.json
      hash: md5
      md5: 3efb698d0a60dc92d0823bd6cd07faeb
      size: 41
    - path: reports/feature_importances.csv
      hash: md5
      md5: 6f5d0d4d9c39d8420be039617c92cc3c
      size: 464895
    - path: reports/train_metrics.json
      hash: md5
      md5: f64ad945e52461a8b9502adbc64f5081
      size: 89
  avaliacao:
    cmd: uv run python -m src.evaluate.run
    deps:
    - path: data/processed/test_split.csv
      hash: md5
      md5: 5f0a50ac6fab0ad0040e2238b26b68e2
      size: 3477140
    - path: models/model.joblib
      hash: md5
      md5: 9da7136eedd91d49931dc9812a84280c
      size: 1307140
    - path: src/core/dataset.py
      hash: md5
      md5: 5929ecb60f28963b1a3726026fb23c45
      size: 3891
    - path: src/evaluate/run.py
      hash: md5
      md5: 8958f234e9ca9346946ae4e07d797b93
      size: 6389
    - path: src/models/factory.py
      hash: md5
      md5: 665fc92eca41ad953b0907afb50df29b
      size: 13243
    - path: src/models/urgency.py
      hash: md5
      md5: d581d844abcc33fbefa12597317af065
      size: 537
    outs:
    - path: reports/classification_report.txt
      hash: md5
      md5: 056dc5aba7662fbd16f344eb0393ee29
      size: 380
    - path: reports/confusion_matrix.csv
      hash: md5
      md5: 68656f796390936dc2fa246350058782
      size: 105
    - path: reports/metrics.json
      hash: md5
      md5: 20d0c8305e1909689b8717e0bf99f85b
      size: 485
  onnx:
    cmd: uv run python -m src.train.export_onnx
    deps:
    - path: data/processed/test_split.csv
      hash: md5
      md5: 5f0a50ac6fab0ad0040e2238b26b68e2
      size: 3477140
    - path: models/model.joblib
      hash: md5
      md5: 9da7136eedd91d49931dc9812a84280c
      size: 1307140
    - path: src/train/export_onnx.py
      hash: md5
      md5: 2fd964093532df4236edc3d8a4570e2e
      size: 5968
    outs:
    - path: models/model.onnx
      hash: md5
      md5: 9c2d58ac3f71335c86f8803de9127bb1
      size: 899802
    - path: models/model.onnx.sha256
      hash: md5
      md5: 1df9adffa7fa1c929c83690761dc2bd7
      size: 64
